
Microsoft Visual Studio Solution File, Format Version 12.00
# Visual Studio Version 16
VisualStudioVersion = 16.0.31410.357
MinimumVisualStudioVersion = 10.0.40219.1
Project("{FAE04EC0-301F-11D3-BF4B-00C04F79EFBC}") = "ACM.BL", "ACM.BL\ACM.BL.csproj", "{E6E31972-F1B3-4A42-BA68-B89A01125CF7}"
EndProject
Project("{FAE04EC0-301F-11D3-BF4B-00C04F79EFBC}") = "ACM.UI", "ACM.UI\ACM.UI.csproj", "{561524B7-CDFB-4B56-8B46-00B87B7434E8}"
EndProject
Project("{FAE04EC0-301F-11D3-BF4B-00C04F79EFBC}") = "ACM.DL", "ACM.DL\ACM.DL.csproj", "{4019EFDD-6D22-476C-8099-992550ABE28F}"
EndProject
Project("{FAE04EC0-301F-11D3-BF4B-00C04F79EFBC}") = "ACM.Common", "ACM.Common\ACM.Common.csproj", "{6B797136-2BA4-4F7F-BC36-ABFE187C7824}"
EndProject
Project("{2150E333-8FDC-42A3-9474-1A3956D46DE8}") = "Tests", "Tests", "{CAD7C113-4982-47F2-BEBE-91A71375BAC6}"
EndProject
Project("{FAE04EC0-301F-11D3-BF4B-00C04F79EFBC}") = "ACM.BLTest", "Tests\ACM.BLTest\ACM.BLTest.csproj", "{E6128733-C5B9-4293-B00C-9AC9F604D4BB}"
EndProject
Project("{FAE04EC0-301F-11D3-BF4B-00C04F79EFBC}") = "ACMCommonTest", "Tests\ACMCommonTest\ACMCommonTest.csproj", "{99B4AE6C-00D8-4FFA-B5B0-659AD533C3D9}"
EndProject
Global
	GlobalSection(SolutionConfigurationPlatforms) = preSolution
		Debug|Any CPU = Debug|Any CPU
		Release|Any CPU = Release|Any CPU
	EndGlobalSection
	GlobalSection(ProjectConfigurationPlatforms) = postSolution
		{E6E31972-F1B3-4A42-BA68-B89A01125CF7}.Debug|Any CPU.ActiveCfg = Debug|Any CPU
		{E6E31972-F1B3-4A42-BA68-B89A01125CF7}.Debug|Any CPU.Build.0 = Debug|Any CPU
		{E6E31972-F1B3-4A42-BA68-B89A01125CF7}.Release|Any CPU.ActiveCfg = Release|Any CPU
		{E6E31972-F1B3-4A42-BA68-B89A01125CF7}.Release|Any CPU.Build.0 = Release|Any CPU
		{561524B7-CDFB-4B56-8B46-00B87B7434E8}.Debug|Any CPU.ActiveCfg = Debug|Any CPU
		{561524B7-CDFB-4B56-8B46-00B87B7434E8}.Debug|Any CPU.Build.0 = Debug|Any CPU
		{561524B7-CDFB-4B56-8B46-00B87B7434E8}.Release|Any CPU.ActiveCfg = Release|Any CPU
		{561524B7-CDFB-4B56-8B46-00B87B7434E8}.Release|Any CPU.Build.0 = Release|Any CPU
		{4019EFDD-6D22-476C-8099-992550ABE28F}.Debug|Any CPU.ActiveCfg = Debug|Any CPU
		{4019EFDD-6D22-476C-8099-992550ABE28F}.Debug|Any CPU.Build.0 = Debug|Any CPU
		{4019EFDD-6D22-476C-8099-992550ABE28F}.Release|Any CPU.ActiveCfg = Release|Any CPU
		{4019EFDD-6D22-476C-8099-992550ABE28F}.Release|Any CPU.Build.0 = Release|Any CPU
		{6B797136-2BA4-4F7F-BC36-ABFE187C7824}.Debug|Any CPU.ActiveCfg = Debug|Any CPU
		{6B797136-2BA4-4F7F-BC36-ABFE187C7824}.Debug|Any CPU.Build.0 = Debug|Any CPU
		{6B797136-2BA4-4F7F-BC36-ABFE187C7824}.Release|Any CPU.ActiveCfg = Release|Any CPU
		{6B797136-2BA4-4F7F-BC36-ABFE187C7824}.Release|Any CPU.Build.0 = Release|Any CPU
		{E6128733-C5B9-4293-B00C-9AC9F604D4BB}.Debug|Any CPU.ActiveCfg = Debug|Any CPU
		{E6128733-C5B9-4293-B00C-9AC9F604D4BB}.Debug|Any CPU.Build.0 = Debug|Any CPU
		{E6128733-C5B9-4293-B00C-9AC9F604D4BB}.Release|Any CPU.ActiveCfg = Release|Any CPU
		{E6128733-C5B9-4293-B00C-9AC9F604D4BB}.Release|Any CPU.Build.0 = Release|Any CPU
		{99B4AE6C-00D8-4FFA-B5B0-659AD533C3D9}.Debug|Any CPU.ActiveCfg = Debug|Any CPU
		{99B4AE6C-00D8-4FFA-B5B0-659AD533C3D9}.Debug|Any CPU.Build.0 = Debug|Any CPU
		{99B4AE6C-00D8-4FFA-B5B0-659AD533C3D9}.Release|Any CPU.ActiveCfg = Release|Any CPU
		{99B4AE6C-00D8-4FFA-B5B0-659AD533C3D9}.Release|Any CPU.Build.0 = Release|Any CPU
	EndGlobalSection
	GlobalSection(SolutionProperties) = preSolution
		HideSolutionNode = FALSE
	EndGlobalSection
	GlobalSection(NestedProjects) = preSolution
		{E6128733-C5B9-4293-B00C-9AC9F604D4BB} = {CAD7C113-4982-47F2-BEBE-91A71375BAC6}
		{99B4AE6C-00D8-4FFA-B5B0-659AD533C3D9} = {CAD7C113-4982-47F2-BEBE-91A71375BAC6}
	EndGlobalSection
	GlobalSection(ExtensibilityGlobals) = postSolution
		SolutionGuid = {F4DCCCE3-DB67-4A7A-A3F4-88A936EDA038}
	EndGlobalSection
EndGlobal
